<?xml version="1.0" encoding="utf-8"?>
<Project ToolsVersion="4.0" xmlns="http://schemas.microsoft.com/developer/msbuild/2003">
  <ItemGroup>
    <Filter Include="メイン">
      <UniqueIdentifier>{4FC737F1-C7A5-4376-A066-2A32D752A2FF}</UniqueIdentifier>
      <Extensions>cpp;c;cc;cxx;c++;cppm;ixx;def;odl;idl;hpj;bat;asm;asmx</Extensions>
    </Filter>
    <Filter Include="インターフェース">
      <UniqueIdentifier>{93995380-89BD-4b04-88EB-625FBE52EBFB}</UniqueIdentifier>
      <Extensions>h;hh;hpp;hxx;h++;hm;inl;inc;ipp;xsd</Extensions>
    </Filter>
    <Filter Include="部品">
      <UniqueIdentifier>{67DA6AB6-F800-4c08-8B7A-83BB121AAD01}</UniqueIdentifier>
      <Extensions>rc;ico;cur;bmp;dlg;rc2;rct;bin;rgs;gif;jpg;jpeg;jpe;resx;tiff;tif;png;wav;mfcribbon-ms</Extensions>
    </Filter>
  </ItemGroup>
  <ItemGroup>
    <ClCompile Include="Main.cpp">
      <Filter>メイン</Filter>
    </ClCompile>
    <ClCompile Include="DataBox.cpp">
      <Filter>インターフェース</Filter>
    </ClCompile>
    <ClCompile Include="DataItem.cpp">
      <Filter>インターフェース</Filter>
    </ClCompile>
    <ClCompile Include="StringToValue.cpp">
      <Filter>部品</Filter>
    </ClCompile>
    <ClCompile Include="ValueToString.cpp">
      <Filter>部品</Filter>
    </ClCompile>
  </ItemGroup>
  <ItemGroup>
    <ClInclude Include="DataBox.h">
      <Filter>インターフェース</Filter>
    </ClInclude>
    <ClInclude Include="DataFormat.h">
      <Filter>インターフェース</Filter>
    </ClInclude>
    <ClInclude Include="DataItem.h">
      <Filter>インターフェース</Filter>
    </ClInclude>
    <ClInclude Include="DataType.h">
      <Filter>インターフェース</Filter>
    </ClInclude>
    <ClInclude Include="ValueToString.h">
      <Filter>部品</Filter>
    </ClInclude>
    <ClInclude Include="StringToValue.h">
      <Filter>部品</Filter>
    </ClInclude>
  </ItemGroup>
</Project>